// !$*UTF8*$!
{
	archiveVersion = 1;
	classes = {
	};
	objectVersion = 56;
	objects = {

/* Begin PBXBuildFile section */
		754047E52C2D977200918286 /* Mes_projetsApp.swift in Sources */ = {isa = PBXBuildFile; fileRef = 754047E42C2D977100918286 /* Mes_projetsApp.swift */; };
		754047E72C2D979600918286 /* Mes projets.swift in Sources */ = {isa = PBXBuildFile; fileRef = 754047E62C2D979600918286 /* Mes projets.swift */; };
		754047E92C2D979C00918286 /* ActivityView.swift in Sources */ = {isa = PBXBuildFile; fileRef = 754047E82C2D979C00918286 /* ActivityView.swift */; };
		754047EB2C2D97A700918286 /* OneView.swift in Sources */ = {isa = PBXBuildFile; fileRef = 754047EA2C2D97A700918286 /* OneView.swift */; };
		754047ED2C2D97AD00918286 /* MuseePrado.swift in Sources */ = {isa = PBXBuildFile; fileRef = 754047EC2C2D97AD00918286 /* MuseePrado.swift */; };
		754047EF2C2D97B100918286 /* ActivitySan.swift in Sources */ = {isa = PBXBuildFile; fileRef = 754047EE2C2D97B100918286 /* ActivitySan.swift */; };
		754047F12C2D97BE00918286 /* ActivityBar.swift in Sources */ = {isa = PBXBuildFile; fileRef = 754047F02C2D97BE00918286 /* ActivityBar.swift */; };
		754047F32C2D97C300918286 /* ActivitéMarr.swift in Sources */ = {isa = PBXBuildFile; fileRef = 754047F22C2D97C300918286 /* ActivitéMarr.swift */; };
		754047F52C2D97CD00918286 /* ActivitéBar.swift in Sources */ = {isa = PBXBuildFile; fileRef = 754047F42C2D97CD00918286 /* ActivitéBar.swift */; };
		754047F72C2D97F100918286 /* ActivitéMad.swift in Sources */ = {isa = PBXBuildFile; fileRef = 754047F62C2D97F100918286 /* ActivitéMad.swift */; };
		754047F92C2D97F600918286 /* MesVoyagesView.swift in Sources */ = {isa = PBXBuildFile; fileRef = 754047F82C2D97F600918286 /* MesVoyagesView.swift */; };
		754047FB2C2D97FA00918286 /* TabView.swift in Sources */ = {isa = PBXBuildFile; fileRef = 754047FA2C2D97FA00918286 /* TabView.swift */; };
		75C95B222C0DCA0400041EBD /* NewprojetApp.swift in Sources */ = {isa = PBXBuildFile; fileRef = 75C95B212C0DCA0400041EBD /* NewprojetApp.swift */; };
		75C95B242C0DCA0400041EBD /* ContentView.swift in Sources */ = {isa = PBXBuildFile; fileRef = 75C95B232C0DCA0400041EBD /* ContentView.swift */; };
		75C95B262C0DCA0400041EBD /* Item.swift in Sources */ = {isa = PBXBuildFile; fileRef = 75C95B252C0DCA0400041EBD /* Item.swift */; };
		75C95B282C0DCA0500041EBD /* Assets.xcassets in Resources */ = {isa = PBXBuildFile; fileRef = 75C95B272C0DCA0500041EBD /* Assets.xcassets */; };
		75C95B2B2C0DCA0500041EBD /* Preview Assets.xcassets in Resources */ = {isa = PBXBuildFile; fileRef = 75C95B2A2C0DCA0500041EBD /* Preview Assets.xcassets */; };
		75C95B352C0DCA0500041EBD /* NewprojetTests.swift in Sources */ = {isa = PBXBuildFile; fileRef = 75C95B342C0DCA0500041EBD /* NewprojetTests.swift */; };
		75C95B3F2C0DCA0500041EBD /* NewprojetUITests.swift in Sources */ = {isa = PBXBuildFile; fileRef = 75C95B3E2C0DCA0500041EBD /* NewprojetUITests.swift */; };
		75C95B412C0DCA0500041EBD /* NewprojetUITestsLaunchTests.swift in Sources */ = {isa = PBXBuildFile; fileRef = 75C95B402C0DCA0500041EBD /* NewprojetUITestsLaunchTests.swift */; };
/* End PBXBuildFile section */

/* Begin PBXContainerItemProxy section */
		75C95B312C0DCA0500041EBD /* PBXContainerItemProxy */ = {
			isa = PBXContainerItemProxy;
			containerPortal = 75C95B162C0DCA0400041EBD /* Project object */;
			proxyType = 1;
			remoteGlobalIDString = 75C95B1D2C0DCA0400041EBD;
			remoteInfo = Newprojet;
		};
		75C95B3B2C0DCA0500041EBD /* PBXContainerItemProxy */ = {
			isa = PBXContainerItemProxy;
			containerPortal = 75C95B162C0DCA0400041EBD /* Project object */;
			proxyType = 1;
			remoteGlobalIDString = 75C95B1D2C0DCA0400041EBD;
			remoteInfo = Newprojet;
		};
/* End PBXContainerItemProxy section */

/* Begin PBXFileReference section */
		754047E42C2D977100918286 /* Mes_projetsApp.swift */ = {isa = PBXFileReference; fileEncoding = 4; lastKnownFileType = sourcecode.swift; name = Mes_projetsApp.swift; path = "../../Mes projets/Mes projets/Mes_projetsApp.swift"; sourceTree = "<group>"; };
		754047E62C2D979600918286 /* Mes projets.swift */ = {isa = PBXFileReference; fileEncoding = 4; lastKnownFileType = sourcecode.swift; name = "Mes projets.swift"; path = "../../Mes projets/Mes projets/Mes projets.swift"; sourceTree = "<group>"; };
		754047E82C2D979C00918286 /* ActivityView.swift */ = {isa = PBXFileReference; fileEncoding = 4; lastKnownFileType = sourcecode.swift; name = ActivityView.swift; path = "../../Mes projets/Mes projets/ActivityView.swift"; sourceTree = "<group>"; };
		754047EA2C2D97A700918286 /* OneView.swift */ = {isa = PBXFileReference; fileEncoding = 4; lastKnownFileType = sourcecode.swift; name = OneView.swift; path = "../../Mes projets/Mes projets/OneView.swift"; sourceTree = "<group>"; };
		754047EC2C2D97AD00918286 /* MuseePrado.swift */ = {isa = PBXFileReference; fileEncoding = 4; lastKnownFileType = sourcecode.swift; name = MuseePrado.swift; path = "../../Mes projets/Mes projets/MuseePrado.swift"; sourceTree = "<group>"; };
		754047EE2C2D97B100918286 /* ActivitySan.swift */ = {isa = PBXFileReference; fileEncoding = 4; lastKnownFileType = sourcecode.swift; name = ActivitySan.swift; path = "../../Mes projets/Mes projets/ActivitySan.swift"; sourceTree = "<group>"; };
		754047F02C2D97BE00918286 /* ActivityBar.swift */ = {isa = PBXFileReference; fileEncoding = 4; lastKnownFileType = sourcecode.swift; name = ActivityBar.swift; path = "../../Mes projets/Mes projets/ActivityBar.swift"; sourceTree = "<group>"; };
		754047F22C2D97C300918286 /* ActivitéMarr.swift */ = {isa = PBXFileReference; fileEncoding = 4; lastKnownFileType = sourcecode.swift; name = "ActivitéMarr.swift"; path = "../../Mes projets/Mes projets/ActivitéMarr.swift"; sourceTree = "<group>"; };
		754047F42C2D97CD00918286 /* ActivitéBar.swift */ = {isa = PBXFileReference; fileEncoding = 4; lastKnownFileType = sourcecode.swift; name = "ActivitéBar.swift"; path = "../../Mes projets/Mes projets/ActivitéBar.swift"; sourceTree = "<group>"; };
		754047F62C2D97F100918286 /* ActivitéMad.swift */ = {isa = PBXFileReference; fileEncoding = 4; lastKnownFileType = sourcecode.swift; name = "ActivitéMad.swift"; path = "../../Mes projets/Mes projets/ActivitéMad.swift"; sourceTree = "<group>"; };
		754047F82C2D97F600918286 /* MesVoyagesView.swift */ = {isa = PBXFileReference; fileEncoding = 4; lastKnownFileType = sourcecode.swift; name = MesVoyagesView.swift; path = "../../Mes projets/Mes projets/MesVoyagesView.swift"; sourceTree = "<group>"; };
		754047FA2C2D97FA00918286 /* TabView.swift */ = {isa = PBXFileReference; fileEncoding = 4; lastKnownFileType = sourcecode.swift; name = TabView.swift; path = "../../Mes projets/Mes projets/TabView.swift"; sourceTree = "<group>"; };
		75C95B1E2C0DCA0400041EBD /* Newproject.app */ = {isa = PBXFileReference; explicitFileType = wrapper.application; includeInIndex = 0; path = Newproject.app; sourceTree = BUILT_PRODUCTS_DIR; };
		75C95B212C0DCA0400041EBD /* NewprojetApp.swift */ = {isa = PBXFileReference; lastKnownFileType = sourcecode.swift; path = NewprojetApp.swift; sourceTree = "<group>"; };
		75C95B232C0DCA0400041EBD /* ContentView.swift */ = {isa = PBXFileReference; lastKnownFileType = sourcecode.swift; path = ContentView.swift; sourceTree = "<group>"; };
		75C95B252C0DCA0400041EBD /* Item.swift */ = {isa = PBXFileReference; lastKnownFileType = sourcecode.swift; path = Item.swift; sourceTree = "<group>"; };
		75C95B272C0DCA0500041EBD /* Assets.xcassets */ = {isa = PBXFileReference; lastKnownFileType = folder.assetcatalog; path = Assets.xcassets; sourceTree = "<group>"; };
		75C95B2A2C0DCA0500041EBD /* Preview Assets.xcassets */ = {isa = PBXFileReference; lastKnownFileType = folder.assetcatalog; path = "Preview Assets.xcassets"; sourceTree = "<group>"; };
		75C95B302C0DCA0500041EBD /* NewprojectTests.xctest */ = {isa = PBXFileReference; explicitFileType = wrapper.cfbundle; includeInIndex = 0; path = NewprojectTests.xctest; sourceTree = BUILT_PRODUCTS_DIR; };
		75C95B342C0DCA0500041EBD /* NewprojetTests.swift */ = {isa = PBXFileReference; lastKnownFileType = sourcecode.swift; path = NewprojetTests.swift; sourceTree = "<group>"; };
		75C95B3A2C0DCA0500041EBD /* NewprojectUITests.xctest */ = {isa = PBXFileReference; explicitFileType = wrapper.cfbundle; includeInIndex = 0; path = NewprojectUITests.xctest; sourceTree = BUILT_PRODUCTS_DIR; };
		75C95B3E2C0DCA0500041EBD /* NewprojetUITests.swift */ = {isa = PBXFileReference; lastKnownFileType = sourcecode.swift; path = NewprojetUITests.swift; sourceTree = "<group>"; };
		75C95B402C0DCA0500041EBD /* NewprojetUITestsLaunchTests.swift */ = {isa = PBXFileReference; lastKnownFileType = sourcecode.swift; path = NewprojetUITestsLaunchTests.swift; sourceTree = "<group>"; };
/* End PBXFileReference section */

/* Begin PBXFrameworksBuildPhase section */
		75C95B1B2C0DCA0400041EBD /* Frameworks */ = {
			isa = PBXFrameworksBuildPhase;
			buildActionMask = 2147483647;
			files = (
			);
			runOnlyForDeploymentPostprocessing = 0;
		};
		75C95B2D2C0DCA0500041EBD /* Frameworks */ = {
			isa = PBXFrameworksBuildPhase;
			buildActionMask = 2147483647;
			files = (
			);
			runOnlyForDeploymentPostprocessing = 0;
		};
		75C95B372C0DCA0500041EBD /* Frameworks */ = {
			isa = PBXFrameworksBuildPhase;
			buildActionMask = 2147483647;
			files = (
			);
			runOnlyForDeploymentPostprocessing = 0;
		};
/* End PBXFrameworksBuildPhase section */

/* Begin PBXGroup section */
		75C95B152C0DCA0400041EBD = {
			isa = PBXGroup;
			children = (
				75C95B202C0DCA0400041EBD /* Newproject */,
				75C95B332C0DCA0500041EBD /* NewprojetTests */,
				75C95B3D2C0DCA0500041EBD /* NewprojetUITests */,
				75C95B1F2C0DCA0400041EBD /* Products */,
			);
			sourceTree = "<group>";
		};
		75C95B1F2C0DCA0400041EBD /* Products */ = {
			isa = PBXGroup;
			children = (
				75C95B1E2C0DCA0400041EBD /* Newproject.app */,
				75C95B302C0DCA0500041EBD /* NewprojectTests.xctest */,
				75C95B3A2C0DCA0500041EBD /* NewprojectUITests.xctest */,
			);
			name = Products;
			sourceTree = "<group>";
		};
		75C95B202C0DCA0400041EBD /* Newproject */ = {
			isa = PBXGroup;
			children = (
				75C95B232C0DCA0400041EBD /* ContentView.swift */,
				75C95B212C0DCA0400041EBD /* NewprojetApp.swift */,
				754047E42C2D977100918286 /* Mes_projetsApp.swift */,
				754047E62C2D979600918286 /* Mes projets.swift */,
				754047EA2C2D97A700918286 /* OneView.swift */,
				754047E82C2D979C00918286 /* ActivityView.swift */,
				754047EC2C2D97AD00918286 /* MuseePrado.swift */,
				754047EE2C2D97B100918286 /* ActivitySan.swift */,
				754047F02C2D97BE00918286 /* ActivityBar.swift */,
				754047F22C2D97C300918286 /* ActivitéMarr.swift */,
				754047F42C2D97CD00918286 /* ActivitéBar.swift */,
				754047F62C2D97F100918286 /* ActivitéMad.swift */,
				754047F82C2D97F600918286 /* MesVoyagesView.swift */,
				754047FA2C2D97FA00918286 /* TabView.swift */,
				75C95B252C0DCA0400041EBD /* Item.swift */,
				75C95B272C0DCA0500041EBD /* Assets.xcassets */,
				75C95B292C0DCA0500041EBD /* Preview Content */,
			);
			path = Newproject;
			sourceTree = "<group>";
		};
		75C95B292C0DCA0500041EBD /* Preview Content */ = {
			isa = PBXGroup;
			children = (
				75C95B2A2C0DCA0500041EBD /* Preview Assets.xcassets */,
			);
			path = "Preview Content";
			sourceTree = "<group>";
		};
		75C95B332C0DCA0500041EBD /* NewprojetTests */ = {
			isa = PBXGroup;
			children = (
				75C95B342C0DCA0500041EBD /* NewprojetTests.swift */,
			);
			path = NewprojetTests;
			sourceTree = "<group>";
		};
		75C95B3D2C0DCA0500041EBD /* NewprojetUITests */ = {
			isa = PBXGroup;
			children = (
				75C95B3E2C0DCA0500041EBD /* NewprojetUITests.swift */,
				75C95B402C0DCA0500041EBD /* NewprojetUITestsLaunchTests.swift */,
			);
			path = NewprojetUITests;
			sourceTree = "<group>";
		};
/* End PBXGroup section */

/* Begin PBXNativeTarget section */
		75C95B1D2C0DCA0400041EBD /* Newproject */ = {
			isa = PBXNativeTarget;
			buildConfigurationList = 75C95B442C0DCA0500041EBD /* Build configuration list for PBXNativeTarget "Newproject" */;
			buildPhases = (
				75C95B1A2C0DCA0400041EBD /* Sources */,
				75C95B1B2C0DCA0400041EBD /* Frameworks */,
				75C95B1C2C0DCA0400041EBD /* Resources */,
			);
			buildRules = (
			);
			dependencies = (
			);
			name = Newproject;
			productName = Newprojet;
			productReference = 75C95B1E2C0DCA0400041EBD /* Newproject.app */;
			productType = "com.apple.product-type.application";
		};
		75C95B2F2C0DCA0500041EBD /* NewprojectTests */ = {
			isa = PBXNativeTarget;
			buildConfigurationList = 75C95B472C0DCA0500041EBD /* Build configuration list for PBXNativeTarget "NewprojectTests" */;
			buildPhases = (
				75C95B2C2C0DCA0500041EBD /* Sources */,
				75C95B2D2C0DCA0500041EBD /* Frameworks */,
				75C95B2E2C0DCA0500041EBD /* Resources */,
			);
			buildRules = (
			);
			dependencies = (
				75C95B322C0DCA0500041EBD /* PBXTargetDependency */,
			);
			name = NewprojectTests;
			productName = NewprojetTests;
			productReference = 75C95B302C0DCA0500041EBD /* NewprojectTests.xctest */;
			productType = "com.apple.product-type.bundle.unit-test";
		};
		75C95B392C0DCA0500041EBD /* NewprojectUITests */ = {
			isa = PBXNativeTarget;
			buildConfigurationList = 75C95B4A2C0DCA0500041EBD /* Build configuration list for PBXNativeTarget "NewprojectUITests" */;
			buildPhases = (
				75C95B362C0DCA0500041EBD /* Sources */,
				75C95B372C0DCA0500041EBD /* Frameworks */,
				75C95B382C0DCA0500041EBD /* Resources */,
			);
			buildRules = (
			);
			dependencies = (
				75C95B3C2C0DCA0500041EBD /* PBXTargetDependency */,
			);
			name = NewprojectUITests;
			productName = NewprojetUITests;
			productReference = 75C95B3A2C0DCA0500041EBD /* NewprojectUITests.xctest */;
			productType = "com.apple.product-type.bundle.ui-testing";
		};
/* End PBXNativeTarget section */

/* Begin PBXProject section */
		75C95B162C0DCA0400041EBD /* Project object */ = {
			isa = PBXProject;
			attributes = {
				BuildIndependentTargetsInParallel = 1;
				LastSwiftUpdateCheck = 1530;
				LastUpgradeCheck = 1530;
				TargetAttributes = {
					75C95B1D2C0DCA0400041EBD = {
						CreatedOnToolsVersion = 15.3;
					};
					75C95B2F2C0DCA0500041EBD = {
						CreatedOnToolsVersion = 15.3;
						TestTargetID = 75C95B1D2C0DCA0400041EBD;
					};
					75C95B392C0DCA0500041EBD = {
						CreatedOnToolsVersion = 15.3;
						TestTargetID = 75C95B1D2C0DCA0400041EBD;
					};
				};
			};
			buildConfigurationList = 75C95B192C0DCA0400041EBD /* Build configuration list for PBXProject "Newproject" */;
			compatibilityVersion = "Xcode 14.0";
			developmentRegion = en;
			hasScannedForEncodings = 0;
			knownRegions = (
				en,
				Base,
			);
			mainGroup = 75C95B152C0DCA0400041EBD;
			productRefGroup = 75C95B1F2C0DCA0400041EBD /* Products */;
			projectDirPath = "";
			projectRoot = "";
			targets = (
				75C95B1D2C0DCA0400041EBD /* Newproject */,
				75C95B2F2C0DCA0500041EBD /* NewprojectTests */,
				75C95B392C0DCA0500041EBD /* NewprojectUITests */,
			);
		};
/* End PBXProject section */

/* Begin PBXResourcesBuildPhase section */
		75C95B1C2C0DCA0400041EBD /* Resources */ = {
			isa = PBXResourcesBuildPhase;
			buildActionMask = 2147483647;
			files = (
				75C95B2B2C0DCA0500041EBD /* Preview Assets.xcassets in Resources */,
				75C95B282C0DCA0500041EBD /* Assets.xcassets in Resources */,
			);
			runOnlyForDeploymentPostprocessing = 0;
		};
		75C95B2E2C0DCA0500041EBD /* Resources */ = {
			isa = PBXResourcesBuildPhase;
			buildActionMask = 2147483647;
			files = (
			);
			runOnlyForDeploymentPostprocessing = 0;
		};
		75C95B382C0DCA0500041EBD /* Resources */ = {
			isa = PBXResourcesBuildPhase;
			buildActionMask = 2147483647;
			files = (
			);
			runOnlyForDeploymentPostprocessing = 0;
		};
/* End PBXResourcesBuildPhase section */

/* Begin PBXSourcesBuildPhase section */
		75C95B1A2C0DCA0400041EBD /* Sources */ = {
			isa = PBXSourcesBuildPhase;
			buildActionMask = 2147483647;
			files = (
				754047ED2C2D97AD00918286 /* MuseePrado.swift in Sources */,
				75C95B242C0DCA0400041EBD /* ContentView.swift in Sources */,
				754047F32C2D97C300918286 /* ActivitéMarr.swift in Sources */,
				75C95B262C0DCA0400041EBD /* Item.swift in Sources */,
				75C95B222C0DCA0400041EBD /* NewprojetApp.swift in Sources */,
				754047EB2C2D97A700918286 /* OneView.swift in Sources */,
				754047E72C2D979600918286 /* Mes projets.swift in Sources */,
				754047E52C2D977200918286 /* Mes_projetsApp.swift in Sources */,
				754047F52C2D97CD00918286 /* ActivitéBar.swift in Sources */,
				754047F72C2D97F100918286 /* ActivitéMad.swift in Sources */,
				754047FB2C2D97FA00918286 /* TabView.swift in Sources */,
				754047EF2C2D97B100918286 /* ActivitySan.swift in Sources */,
				754047F92C2D97F600918286 /* MesVoyagesView.swift in Sources */,
				754047F12C2D97BE00918286 /* ActivityBar.swift in Sources */,
				754047E92C2D979C00918286 /* ActivityView.swift in Sources */,
			);
			runOnlyForDeploymentPostprocessing = 0;
		};
		75C95B2C2C0DCA0500041EBD /* Sources */ = {
			isa = PBXSourcesBuildPhase;
			buildActionMask = 2147483647;
			files = (
				75C95B352C0DCA0500041EBD /* NewprojetTests.swift in Sources */,
			);
			runOnlyForDeploymentPostprocessing = 0;
		};
		75C95B362C0DCA0500041EBD /* Sources */ = {
			isa = PBXSourcesBuildPhase;
			buildActionMask = 2147483647;
			files = (
				75C95B3F2C0DCA0500041EBD /* NewprojetUITests.swift in Sources */,
				75C95B412C0DCA0500041EBD /* NewprojetUITestsLaunchTests.swift in Sources */,
			);
			runOnlyForDeploymentPostprocessing = 0;
		};
/* End PBXSourcesBuildPhase section */

/* Begin PBXTargetDependency section */
		75C95B322C0DCA0500041EBD /* PBXTargetDependency */ = {
			isa = PBXTargetDependency;
			target = 75C95B1D2C0DCA0400041EBD /* Newproject */;
			targetProxy = 75C95B312C0DCA0500041EBD /* PBXContainerItemProxy */;
		};
		75C95B3C2C0DCA0500041EBD /* PBXTargetDependency */ = {
			isa = PBXTargetDependency;
			target = 75C95B1D2C0DCA0400041EBD /* Newproject */;
			targetProxy = 75C95B3B2C0DCA0500041EBD /* PBXContainerItemProxy */;
		};
/* End PBXTargetDependency section */

/* Begin XCBuildConfiguration section */
		75C95B422C0DCA0500041EBD /* Debug */ = {
			isa = XCBuildConfiguration;
			buildSettings = {
				ALWAYS_SEARCH_USER_PATHS = NO;
				ASSETCATALOG_COMPILER_GENERATE_SWIFT_ASSET_SYMBOL_EXTENSIONS = YES;
				CLANG_ANALYZER_NONNULL = YES;
				CLANG_ANALYZER_NUMBER_OBJECT_CONVERSION = YES_AGGRESSIVE;
				CLANG_CXX_LANGUAGE_STANDARD = "gnu++20";
				CLANG_ENABLE_MODULES = YES;
				CLANG_ENABLE_OBJC_ARC = YES;
				CLANG_ENABLE_OBJC_WEAK = YES;
				CLANG_WARN_BLOCK_CAPTURE_AUTORELEASING = YES;
				CLANG_WARN_BOOL_CONVERSION = YES;
				CLANG_WARN_COMMA = YES;
				CLANG_WARN_CONSTANT_CONVERSION = YES;
				CLANG_WARN_DEPRECATED_OBJC_IMPLEMENTATIONS = YES;
				CLANG_WARN_DIRECT_OBJC_ISA_USAGE = YES_ERROR;
				CLANG_WARN_DOCUMENTATION_COMMENTS = YES;
				CLANG_WARN_EMPTY_BODY = YES;
				CLANG_WARN_ENUM_CONVERSION = YES;
				CLANG_WARN_INFINITE_RECURSION = YES;
				CLANG_WARN_INT_CONVERSION = YES;
				CLANG_WARN_NON_LITERAL_NULL_CONVERSION = YES;
				CLANG_WARN_OBJC_IMPLICIT_RETAIN_SELF = YES;
				CLANG_WARN_OBJC_LITERAL_CONVERSION = YES;
				CLANG_WARN_OBJC_ROOT_CLASS = YES_ERROR;
				CLANG_WARN_QUOTED_INCLUDE_IN_FRAMEWORK_HEADER = YES;
				CLANG_WARN_RANGE_LOOP_ANALYSIS = YES;
				CLANG_WARN_STRICT_PROTOTYPES = YES;
				CLANG_WARN_SUSPICIOUS_MOVE = YES;
				CLANG_WARN_UNGUARDED_AVAILABILITY = YES_AGGRESSIVE;
				CLANG_WARN_UNREACHABLE_CODE = YES;
				CLANG_WARN__DUPLICATE_METHOD_MATCH = YES;
				COPY_PHASE_STRIP = NO;
				DEBUG_INFORMATION_FORMAT = dwarf;
				ENABLE_STRICT_OBJC_MSGSEND = YES;
				ENABLE_TESTABILITY = YES;
				ENABLE_USER_SCRIPT_SANDBOXING = YES;
				GCC_C_LANGUAGE_STANDARD = gnu17;
				GCC_DYNAMIC_NO_PIC = NO;
				GCC_NO_COMMON_BLOCKS = YES;
				GCC_OPTIMIZATION_LEVEL = 0;
				GCC_PREPROCESSOR_DEFINITIONS = (
					"DEBUG=1",
					"$(inherited)",
				);
				GCC_WARN_64_TO_32_BIT_CONVERSION = YES;
				GCC_WARN_ABOUT_RETURN_TYPE = YES_ERROR;
				GCC_WARN_UNDECLARED_SELECTOR = YES;
				GCC_WARN_UNINITIALIZED_AUTOS = YES_AGGRESSIVE;
				GCC_WARN_UNUSED_FUNCTION = YES;
				GCC_WARN_UNUSED_VARIABLE = YES;
				IPHONEOS_DEPLOYMENT_TARGET = 17.4;
				LOCALIZATION_PREFERS_STRING_CATALOGS = YES;
				MTL_ENABLE_DEBUG_INFO = INCLUDE_SOURCE;
				MTL_FAST_MATH = YES;
				ONLY_ACTIVE_ARCH = YES;
				SDKROOT = iphoneos;
				SWIFT_ACTIVE_COMPILATION_CONDITIONS = "DEBUG $(inherited)";
				SWIFT_OPTIMIZATION_LEVEL = "-Onone";
			};
			name = Debug;
		};
		75C95B432C0DCA0500041EBD /* Release */ = {
			isa = XCBuildConfiguration;
			buildSettings = {
				ALWAYS_SEARCH_USER_PATHS = NO;
				ASSETCATALOG_COMPILER_GENERATE_SWIFT_ASSET_SYMBOL_EXTENSIONS = YES;
				CLANG_ANALYZER_NONNULL = YES;
				CLANG_ANALYZER_NUMBER_OBJECT_CONVERSION = YES_AGGRESSIVE;
				CLANG_CXX_LANGUAGE_STANDARD = "gnu++20";
				CLANG_ENABLE_MODULES = YES;
				CLANG_ENABLE_OBJC_ARC = YES;
				CLANG_ENABLE_OBJC_WEAK = YES;
				CLANG_WARN_BLOCK_CAPTURE_AUTORELEASING = YES;
				CLANG_WARN_BOOL_CONVERSION = YES;
				CLANG_WARN_COMMA = YES;
				CLANG_WARN_CONSTANT_CONVERSION = YES;
				CLANG_WARN_DEPRECATED_OBJC_IMPLEMENTATIONS = YES;
				CLANG_WARN_DIRECT_OBJC_ISA_USAGE = YES_ERROR;
				CLANG_WARN_DOCUMENTATION_COMMENTS = YES;
				CLANG_WARN_EMPTY_BODY = YES;
				CLANG_WARN_ENUM_CONVERSION = YES;
				CLANG_WARN_INFINITE_RECURSION = YES;
				CLANG_WARN_INT_CONVERSION = YES;
				CLANG_WARN_NON_LITERAL_NULL_CONVERSION = YES;
				CLANG_WARN_OBJC_IMPLICIT_RETAIN_SELF = YES;
				CLANG_WARN_OBJC_LITERAL_CONVERSION = YES;
				CLANG_WARN_OBJC_ROOT_CLASS = YES_ERROR;
				CLANG_WARN_QUOTED_INCLUDE_IN_FRAMEWORK_HEADER = YES;
				CLANG_WARN_RANGE_LOOP_ANALYSIS = YES;
				CLANG_WARN_STRICT_PROTOTYPES = YES;
				CLANG_WARN_SUSPICIOUS_MOVE = YES;
				CLANG_WARN_UNGUARDED_AVAILABILITY = YES_AGGRESSIVE;
				CLANG_WARN_UNREACHABLE_CODE = YES;
				CLANG_WARN__DUPLICATE_METHOD_MATCH = YES;
				COPY_PHASE_STRIP = NO;
				DEBUG_INFORMATION_FORMAT = "dwarf-with-dsym";
				ENABLE_NS_ASSERTIONS = NO;
				ENABLE_STRICT_OBJC_MSGSEND = YES;
				ENABLE_USER_SCRIPT_SANDBOXING = YES;
				GCC_C_LANGUAGE_STANDARD = gnu17;
				GCC_NO_COMMON_BLOCKS = YES;
				GCC_WARN_64_TO_32_BIT_CONVERSION = YES;
				GCC_WARN_ABOUT_RETURN_TYPE = YES_ERROR;
				GCC_WARN_UNDECLARED_SELECTOR = YES;
				GCC_WARN_UNINITIALIZED_AUTOS = YES_AGGRESSIVE;
				GCC_WARN_UNUSED_FUNCTION = YES;
				GCC_WARN_UNUSED_VARIABLE = YES;
				IPHONEOS_DEPLOYMENT_TARGET = 17.4;
				LOCALIZATION_PREFERS_STRING_CATALOGS = YES;
				MTL_ENABLE_DEBUG_INFO = NO;
				MTL_FAST_MATH = YES;
				SDKROOT = iphoneos;
				SWIFT_COMPILATION_MODE = wholemodule;
				VALIDATE_PRODUCT = YES;
			};
			name = Release;
		};
		75C95B452C0DCA0500041EBD /* Debug */ = {
			isa = XCBuildConfiguration;
			buildSettings = {
				ASSETCATALOG_COMPILER_APPICON_NAME = AppIcon;
				ASSETCATALOG_COMPILER_GLOBAL_ACCENT_COLOR_NAME = AccentColor;
				CODE_SIGN_STYLE = Automatic;
				CURRENT_PROJECT_VERSION = 1;
				DEVELOPMENT_ASSET_PATHS = "\"Newproject/Preview Content\"";
				DEVELOPMENT_TEAM = 878VG3D7UC;
				ENABLE_PREVIEWS = YES;
				GENERATE_INFOPLIST_FILE = YES;
				INFOPLIST_KEY_UIApplicationSceneManifest_Generation = YES;
				INFOPLIST_KEY_UIApplicationSupportsIndirectInputEvents = YES;
				INFOPLIST_KEY_UILaunchScreen_Generation = YES;
				INFOPLIST_KEY_UISupportedInterfaceOrientations_iPad = "UIInterfaceOrientationPortrait UIInterfaceOrientationPortraitUpsideDown UIInterfaceOrientationLandscapeLeft UIInterfaceOrientationLandscapeRight";
				INFOPLIST_KEY_UISupportedInterfaceOrientations_iPhone = "UIInterfaceOrientationPortrait UIInterfaceOrientationLandscapeLeft UIInterfaceOrientationLandscapeRight";
				LD_RUNPATH_SEARCH_PATHS = (
					"$(inherited)",
					"@executable_path/Frameworks",
				);
				MARKETING_VERSION = 1.0;
				PRODUCT_BUNDLE_IDENTIFIER = com.annelise.Newprojet;
				PRODUCT_NAME = "$(TARGET_NAME)";
				SWIFT_EMIT_LOC_STRINGS = YES;
				SWIFT_VERSION = 5.0;
				TARGETED_DEVICE_FAMILY = "1,2";
			};
			name = Debug;
		};
		75C95B462C0DCA0500041EBD /* Release */ = {
			isa = XCBuildConfiguration;
			buildSettings = {
				ASSETCATALOG_COMPILER_APPICON_NAME = AppIcon;
				ASSETCATALOG_COMPILER_GLOBAL_ACCENT_COLOR_NAME = AccentColor;
				CODE_SIGN_STYLE = Automatic;
				CURRENT_PROJECT_VERSION = 1;
				DEVELOPMENT_ASSET_PATHS = "\"Newproject/Preview Content\"";
				DEVELOPMENT_TEAM = 878VG3D7UC;
				ENABLE_PREVIEWS = YES;
				GENERATE_INFOPLIST_FILE = YES;
				INFOPLIST_KEY_UIApplicationSceneManifest_Generation = YES;
				INFOPLIST_KEY_UIApplicationSupportsIndirectInputEvents = YES;
				INFOPLIST_KEY_UILaunchScreen_Generation = YES;
				INFOPLIST_KEY_UISupportedInterfaceOrientations_iPad = "UIInterfaceOrientationPortrait UIInterfaceOrientationPortraitUpsideDown UIInterfaceOrientationLandscapeLeft UIInterfaceOrientationLandscapeRight";
				INFOPLIST_KEY_UISupportedInterfaceOrientations_iPhone = "UIInterfaceOrientationPortrait UIInterfaceOrientationLandscapeLeft UIInterfaceOrientationLandscapeRight";
				LD_RUNPATH_SEARCH_PATHS = (
					"$(inherited)",
					"@executable_path/Frameworks",
				);
				MARKETING_VERSION = 1.0;
				PRODUCT_BUNDLE_IDENTIFIER = com.annelise.Newprojet;
				PRODUCT_NAME = "$(TARGET_NAME)";
				SWIFT_EMIT_LOC_STRINGS = YES;
				SWIFT_VERSION = 5.0;
				TARGETED_DEVICE_FAMILY = "1,2";
			};
			name = Release;
		};
		75C95B482C0DCA0500041EBD /* Debug */ = {
			isa = XCBuildConfiguration;
			buildSettings = {
				ALWAYS_EMBED_SWIFT_STANDARD_LIBRARIES = YES;
				BUNDLE_LOADER = "$(TEST_HOST)";
				CODE_SIGN_STYLE = Automatic;
				CURRENT_PROJECT_VERSION = 1;
				DEVELOPMENT_TEAM = 878VG3D7UC;
				GENERATE_INFOPLIST_FILE = YES;
				IPHONEOS_DEPLOYMENT_TARGET = 17.4;
				MARKETING_VERSION = 1.0;
				PRODUCT_BUNDLE_IDENTIFIER = com.annelise.NewprojetTests;
				PRODUCT_NAME = "$(TARGET_NAME)";
				SWIFT_EMIT_LOC_STRINGS = NO;
				SWIFT_VERSION = 5.0;
				TARGETED_DEVICE_FAMILY = "1,2";
				TEST_HOST = "$(BUILT_PRODUCTS_DIR)/Newproject.app/$(BUNDLE_EXECUTABLE_FOLDER_PATH)/Newproject";
			};
			name = Debug;
		};
		75C95B492C0DCA0500041EBD /* Release */ = {
			isa = XCBuildConfiguration;
			buildSettings = {
				ALWAYS_EMBED_SWIFT_STANDARD_LIBRARIES = YES;
				BUNDLE_LOADER = "$(TEST_HOST)";
				CODE_SIGN_STYLE = Automatic;
				CURRENT_PROJECT_VERSION = 1;
				DEVELOPMENT_TEAM = 878VG3D7UC;
				GENERATE_INFOPLIST_FILE = YES;
				IPHONEOS_DEPLOYMENT_TARGET = 17.4;
				MARKETING_VERSION = 1.0;
				PRODUCT_BUNDLE_IDENTIFIER = com.annelise.NewprojetTests;
				PRODUCT_NAME = "$(TARGET_NAME)";
				SWIFT_EMIT_LOC_STRINGS = NO;
				SWIFT_VERSION = 5.0;
				TARGETED_DEVICE_FAMILY = "1,2";
				TEST_HOST = "$(BUILT_PRODUCTS_DIR)/Newproject.app/$(BUNDLE_EXECUTABLE_FOLDER_PATH)/Newproject";
			};
			name = Release;
		};
		75C95B4B2C0DCA0500041EBD /* Debug */ = {
			isa = XCBuildConfiguration;
			buildSettings = {
				ALWAYS_EMBED_SWIFT_STANDARD_LIBRARIES = YES;
				CODE_SIGN_STYLE = Automatic;
				CURRENT_PROJECT_VERSION = 1;
				DEVELOPMENT_TEAM = 878VG3D7UC;
				GENERATE_INFOPLIST_FILE = YES;
				MARKETING_VERSION = 1.0;
				PRODUCT_BUNDLE_IDENTIFIER = com.annelise.NewprojetUITests;
				PRODUCT_NAME = "$(TARGET_NAME)";
				SWIFT_EMIT_LOC_STRINGS = NO;
				SWIFT_VERSION = 5.0;
				TARGETED_DEVICE_FAMILY = "1,2";
				TEST_TARGET_NAME = Newprojet;
			};
			name = Debug;
		};
		75C95B4C2C0DCA0500041EBD /* Release */ = {
			isa = XCBuildConfiguration;
			buildSettings = {
				ALWAYS_EMBED_SWIFT_STANDARD_LIBRARIES = YES;
				CODE_SIGN_STYLE = Automatic;
				CURRENT_PROJECT_VERSION = 1;
				DEVELOPMENT_TEAM = 878VG3D7UC;
				GENERATE_INFOPLIST_FILE = YES;
				MARKETING_VERSION = 1.0;
				PRODUCT_BUNDLE_IDENTIFIER = com.annelise.NewprojetUITests;
				PRODUCT_NAME = "$(TARGET_NAME)";
				SWIFT_EMIT_LOC_STRINGS = NO;
				SWIFT_VERSION = 5.0;
				TARGETED_DEVICE_FAMILY = "1,2";
				TEST_TARGET_NAME = Newprojet;
			};
			name = Release;
		};
/* End XCBuildConfiguration section */

/* Begin XCConfigurationList section */
		75C95B192C0DCA0400041EBD /* Build configuration list for PBXProject "Newproject" */ = {
			isa = XCConfigurationList;
			buildConfigurations = (
				75C95B422C0DCA0500041EBD /* Debug */,
				75C95B432C0DCA0500041EBD /* Release */,
			);
			defaultConfigurationIsVisible = 0;
			defaultConfigurationName = Release;
		};
		75C95B442C0DCA0500041EBD /* Build configuration list for PBXNativeTarget "Newproject" */ = {
			isa = XCConfigurationList;
			buildConfigurations = (
				75C95B452C0DCA0500041EBD /* Debug */,
				75C95B462C0DCA0500041EBD /* Release */,
			);
			defaultConfigurationIsVisible = 0;
			defaultConfigurationName = Release;
		};
		75C95B472C0DCA0500041EBD /* Build configuration list for PBXNativeTarget "NewprojectTests" */ = {
			isa = XCConfigurationList;
			buildConfigurations = (
				75C95B482C0DCA0500041EBD /* Debug */,
				75C95B492C0DCA0500041EBD /* Release */,
			);
			defaultConfigurationIsVisible = 0;
			defaultConfigurationName = Release;
		};
		75C95B4A2C0DCA0500041EBD /* Build configuration list for PBXNativeTarget "NewprojectUITests" */ = {
			isa = XCConfigurationList;
			buildConfigurations = (
				75C95B4B2C0DCA0500041EBD /* Debug */,
				75C95B4C2C0DCA0500041EBD /* Release */,
			);
			defaultConfigurationIsVisible = 0;
			defaultConfigurationName = Release;
		};
/* End XCConfigurationList section */
	};
	rootObject = 75C95B162C0DCA0400041EBD /* Project object */;
}
